{
    "name": "wp-page-for-post-type",
    "version": "2.0.2",
    "lockfileVersion": 3,
    "requires": true,
    "packages": {
        "": {
            "name": "wp-page-for-post-type",
            "version": "2.0.2",
            "devDependencies": [],
            "license": "MIT"
        }
    }
}
